
Microsoft Visual Studio Solution File, Format Version 12.00
# Visual Studio 15
Project("{FAE04EC0-301F-11D3-BF4B-00C04F79EFBC}") = "Assembly-CSharp", "Assembly-CSharp.csproj", "{03D3DDAF-563D-26C3-B7F3-4105CD824173}"
EndProject
Project("{FAE04EC0-301F-11D3-BF4B-00C04F79EFBC}") = "Assembly-CSharp-Editor", "Assembly-CSharp-Editor.csproj", "{227E1993-B270-9CB3-1464-7459FAA4E036}"
EndProject
Global
	GlobalSection(SolutionConfigurationPlatforms) = preSolution
		Debug|Any CPU = Debug|Any CPU
		Release|Any CPU = Release|Any CPU
	EndGlobalSection
	GlobalSection(ProjectConfigurationPlatforms) = postSolution
		{03D3DDAF-563D-26C3-B7F3-4105CD824173}.Debug|Any CPU.ActiveCfg = Debug|Any CPU
		{03D3DDAF-563D-26C3-B7F3-4105CD824173}.Debug|Any CPU.Build.0 = Debug|Any CPU
		{03D3DDAF-563D-26C3-B7F3-4105CD824173}.Release|Any CPU.ActiveCfg = Release|Any CPU
		{03D3DDAF-563D-26C3-B7F3-4105CD824173}.Release|Any CPU.Build.0 = Release|Any CPU
		{227E1993-B270-9CB3-1464-7459FAA4E036}.Debug|Any CPU.ActiveCfg = Debug|Any CPU
		{227E1993-B270-9CB3-1464-7459FAA4E036}.Debug|Any CPU.Build.0 = Debug|Any CPU
		{227E1993-B270-9CB3-1464-7459FAA4E036}.Release|Any CPU.ActiveCfg = Release|Any CPU
		{227E1993-B270-9CB3-1464-7459FAA4E036}.Release|Any CPU.Build.0 = Release|Any CPU
	EndGlobalSection
	GlobalSection(SolutionProperties) = preSolution
		HideSolutionNode = FALSE
	EndGlobalSection
EndGlobal
